
Microsoft Visual Studio Solution File, Format Version 12.00
# Visual Studio 15
VisualStudioVersion = 15.0.27428.2037
MinimumVisualStudioVersion = 10.0.40219.1
Project("{9A19103F-16F7-4668-BE54-9A1E7A4F7556}") = "Formix.Games.Tetris", "formix.games.tetris\Formix.Games.Tetris.csproj", "{BE40474C-11B6-41BE-9A07-9AACA734625D}"
EndProject
Global
	GlobalSection(SolutionConfigurationPlatforms) = preSolution
		Debug|Any CPU = Debug|Any CPU
		Release|Any CPU = Release|Any CPU
	EndGlobalSection
	GlobalSection(ProjectConfigurationPlatforms) = postSolution
		{BE40474C-11B6-41BE-9A07-9AACA734625D}.Debug|Any CPU.ActiveCfg = Debug|Any CPU
		{BE40474C-11B6-41BE-9A07-9AACA734625D}.Debug|Any CPU.Build.0 = Debug|Any CPU
		{BE40474C-11B6-41BE-9A07-9AACA734625D}.Release|Any CPU.ActiveCfg = Release|Any CPU
		{BE40474C-11B6-41BE-9A07-9AACA734625D}.Release|Any CPU.Build.0 = Release|Any CPU
	EndGlobalSection
	GlobalSection(SolutionProperties) = preSolution
		HideSolutionNode = FALSE
	EndGlobalSection
	GlobalSection(ExtensibilityGlobals) = postSolution
		SolutionGuid = {F7796EBA-7E83-4881-A326-584A3EACC8A7}
	EndGlobalSection
EndGlobal
